// !$*UTF8*$!
{
	archiveVersion = 1;
	classes = {
	};
	objectVersion = 50;
	objects = {

/* Begin PBXBuildFile section */
		179BA00128A504BB000066FE /* EMailValidatorTests.swift in Sources */ = {isa = PBXBuildFile; fileRef = 179BA00028A504BB000066FE /* EMailValidatorTests.swift */; };
		D188418A4192B05C9868E8DE /* Pods_CommonTypes_Example.framework in Frameworks */ = {isa = PBXBuildFile; fileRef = 4E6D7D000973710F04D1E8DB /* Pods_CommonTypes_Example.framework */; };
		F08899D72698575800058D37 /* AppDelegate.swift in Sources */ = {isa = PBXBuildFile; fileRef = F08899CF2698575800058D37 /* AppDelegate.swift */; };
		F08899D82698575800058D37 /* Assets.xcassets in Resources */ = {isa = PBXBuildFile; fileRef = F08899D02698575800058D37 /* Assets.xcassets */; };
		F08899D92698575800058D37 /* LaunchScreen.storyboard in Resources */ = {isa = PBXBuildFile; fileRef = F08899D12698575800058D37 /* LaunchScreen.storyboard */; };
		F08899DA2698575800058D37 /* Main.storyboard in Resources */ = {isa = PBXBuildFile; fileRef = F08899D32698575800058D37 /* Main.storyboard */; };
		F08899DC2698575800058D37 /* ViewController.swift in Sources */ = {isa = PBXBuildFile; fileRef = F08899D62698575800058D37 /* ViewController.swift */; };
		F08899DF2698591400058D37 /* CommonTypes.framework in Frameworks */ = {isa = PBXBuildFile; fileRef = F08899DE2698591400058D37 /* CommonTypes.framework */; };
		F08899E02698591400058D37 /* CommonTypes.framework in Embed Frameworks */ = {isa = PBXBuildFile; fileRef = F08899DE2698591400058D37 /* CommonTypes.framework */; settings = {ATTRIBUTES = (CodeSignOnCopy, RemoveHeadersOnCopy, ); }; };
/* End PBXBuildFile section */

/* Begin PBXContainerItemProxy section */
		179B9FFB28A504A9000066FE /* PBXContainerItemProxy */ = {
			isa = PBXContainerItemProxy;
			containerPortal = F0F2A30F269747100021F902 /* Project object */;
			proxyType = 1;
			remoteGlobalIDString = F0F2A316269747100021F902;
			remoteInfo = CommonTypes_Example;
		};
/* End PBXContainerItemProxy section */

/* Begin PBXCopyFilesBuildPhase section */
		F08899E12698591400058D37 /* Embed Frameworks */ = {
			isa = PBXCopyFilesBuildPhase;
			buildActionMask = 2147483647;
			dstPath = "";
			dstSubfolderSpec = 10;
			files = (
				F08899E02698591400058D37 /* CommonTypes.framework in Embed Frameworks */,
			);
			name = "Embed Frameworks";
			runOnlyForDeploymentPostprocessing = 0;
		};
/* End PBXCopyFilesBuildPhase section */

/* Begin PBXFileReference section */
		179B9FF728A504A9000066FE /* CommonTypesTests.xctest */ = {isa = PBXFileReference; explicitFileType = wrapper.cfbundle; includeInIndex = 0; path = CommonTypesTests.xctest; sourceTree = BUILT_PRODUCTS_DIR; };
		179BA00028A504BB000066FE /* EMailValidatorTests.swift */ = {isa = PBXFileReference; fileEncoding = 4; lastKnownFileType = sourcecode.swift; path = EMailValidatorTests.swift; sourceTree = "<group>"; };
		4E6D7D000973710F04D1E8DB /* Pods_CommonTypes_Example.framework */ = {isa = PBXFileReference; explicitFileType = wrapper.framework; includeInIndex = 0; path = Pods_CommonTypes_Example.framework; sourceTree = BUILT_PRODUCTS_DIR; };
		7778EBA712DC8E6B3D02CAB7 /* Pods-CommonTypes_Example.debug.xcconfig */ = {isa = PBXFileReference; includeInIndex = 1; lastKnownFileType = text.xcconfig; name = "Pods-CommonTypes_Example.debug.xcconfig"; path = "Target Support Files/Pods-CommonTypes_Example/Pods-CommonTypes_Example.debug.xcconfig"; sourceTree = "<group>"; };
		B464FCD35029D14F39A2D6B0 /* Pods-CommonTypes_Example.release.xcconfig */ = {isa = PBXFileReference; includeInIndex = 1; lastKnownFileType = text.xcconfig; name = "Pods-CommonTypes_Example.release.xcconfig"; path = "Target Support Files/Pods-CommonTypes_Example/Pods-CommonTypes_Example.release.xcconfig"; sourceTree = "<group>"; };
		F08899CF2698575800058D37 /* AppDelegate.swift */ = {isa = PBXFileReference; fileEncoding = 4; lastKnownFileType = sourcecode.swift; path = AppDelegate.swift; sourceTree = "<group>"; };
		F08899D02698575800058D37 /* Assets.xcassets */ = {isa = PBXFileReference; lastKnownFileType = folder.assetcatalog; path = Assets.xcassets; sourceTree = "<group>"; };
		F08899D22698575800058D37 /* Base */ = {isa = PBXFileReference; lastKnownFileType = file.storyboard; name = Base; path = Base.lproj/LaunchScreen.storyboard; sourceTree = "<group>"; };
		F08899D42698575800058D37 /* Base */ = {isa = PBXFileReference; lastKnownFileType = file.storyboard; name = Base; path = Base.lproj/Main.storyboard; sourceTree = "<group>"; };
		F08899D52698575800058D37 /* Info.plist */ = {isa = PBXFileReference; fileEncoding = 4; lastKnownFileType = text.plist.xml; path = Info.plist; sourceTree = "<group>"; };
		F08899D62698575800058D37 /* ViewController.swift */ = {isa = PBXFileReference; fileEncoding = 4; lastKnownFileType = sourcecode.swift; path = ViewController.swift; sourceTree = "<group>"; };
		F08899DE2698591400058D37 /* CommonTypes.framework */ = {isa = PBXFileReference; explicitFileType = wrapper.framework; path = CommonTypes.framework; sourceTree = BUILT_PRODUCTS_DIR; };
		F0F2A317269747100021F902 /* CommonTypes_Example.app */ = {isa = PBXFileReference; explicitFileType = wrapper.application; includeInIndex = 0; path = CommonTypes_Example.app; sourceTree = BUILT_PRODUCTS_DIR; };
/* End PBXFileReference section */

/* Begin PBXFrameworksBuildPhase section */
		179B9FF428A504A9000066FE /* Frameworks */ = {
			isa = PBXFrameworksBuildPhase;
			buildActionMask = 2147483647;
			files = (
			);
			runOnlyForDeploymentPostprocessing = 0;
		};
		F0F2A314269747100021F902 /* Frameworks */ = {
			isa = PBXFrameworksBuildPhase;
			buildActionMask = 2147483647;
			files = (
				F08899DF2698591400058D37 /* CommonTypes.framework in Frameworks */,
				D188418A4192B05C9868E8DE /* Pods_CommonTypes_Example.framework in Frameworks */,
			);
			runOnlyForDeploymentPostprocessing = 0;
		};
/* End PBXFrameworksBuildPhase section */

/* Begin PBXGroup section */
		179B9FF828A504A9000066FE /* CommonTypesTests */ = {
			isa = PBXGroup;
			children = (
				179BA00028A504BB000066FE /* EMailValidatorTests.swift */,
			);
			path = CommonTypesTests;
			sourceTree = "<group>";
		};
		9FC415E0572EFF293094203B /* Pods */ = {
			isa = PBXGroup;
			children = (
				7778EBA712DC8E6B3D02CAB7 /* Pods-CommonTypes_Example.debug.xcconfig */,
				B464FCD35029D14F39A2D6B0 /* Pods-CommonTypes_Example.release.xcconfig */,
			);
			path = Pods;
			sourceTree = "<group>";
		};
		F08899CE2698575800058D37 /* CommonTypes_Example */ = {
			isa = PBXGroup;
			children = (
				F08899CF2698575800058D37 /* AppDelegate.swift */,
				F08899D02698575800058D37 /* Assets.xcassets */,
				F08899D12698575800058D37 /* LaunchScreen.storyboard */,
				F08899D32698575800058D37 /* Main.storyboard */,
				F08899D52698575800058D37 /* Info.plist */,
				F08899D62698575800058D37 /* ViewController.swift */,
			);
			path = CommonTypes_Example;
			sourceTree = "<group>";
		};
		F08899DD2698591400058D37 /* Frameworks */ = {
			isa = PBXGroup;
			children = (
				F08899DE2698591400058D37 /* CommonTypes.framework */,
				4E6D7D000973710F04D1E8DB /* Pods_CommonTypes_Example.framework */,
			);
			name = Frameworks;
			sourceTree = "<group>";
		};
		F0F2A30E269747100021F902 = {
			isa = PBXGroup;
			children = (
				F08899CE2698575800058D37 /* CommonTypes_Example */,
				179B9FF828A504A9000066FE /* CommonTypesTests */,
				F0F2A318269747100021F902 /* Products */,
				F08899DD2698591400058D37 /* Frameworks */,
				9FC415E0572EFF293094203B /* Pods */,
			);
			sourceTree = "<group>";
		};
		F0F2A318269747100021F902 /* Products */ = {
			isa = PBXGroup;
			children = (
				F0F2A317269747100021F902 /* CommonTypes_Example.app */,
				179B9FF728A504A9000066FE /* CommonTypesTests.xctest */,
			);
			name = Products;
			sourceTree = "<group>";
		};
/* End PBXGroup section */

/* Begin PBXNativeTarget section */
		179B9FF628A504A9000066FE /* CommonTypesTests */ = {
			isa = PBXNativeTarget;
			buildConfigurationList = 179B9FFD28A504A9000066FE /* Build configuration list for PBXNativeTarget "CommonTypesTests" */;
			buildPhases = (
				179B9FF328A504A9000066FE /* Sources */,
				179B9FF428A504A9000066FE /* Frameworks */,
				179B9FF528A504A9000066FE /* Resources */,
			);
			buildRules = (
			);
			dependencies = (
				179B9FFC28A504A9000066FE /* PBXTargetDependency */,
			);
			name = CommonTypesTests;
			productName = CommonTypesTests;
			productReference = 179B9FF728A504A9000066FE /* CommonTypesTests.xctest */;
			productType = "com.apple.product-type.bundle.unit-test";
		};
		F0F2A316269747100021F902 /* CommonTypes_Example */ = {
			isa = PBXNativeTarget;
			buildConfigurationList = F0F2A32B269747120021F902 /* Build configuration list for PBXNativeTarget "CommonTypes_Example" */;
			buildPhases = (
				441653C36EF261136FCA8B89 /* [CP] Check Pods Manifest.lock */,
				F0DDB7C12698680000AAD959 /* Swiftlint script */,
				F0F2A313269747100021F902 /* Sources */,
				F0F2A314269747100021F902 /* Frameworks */,
				F0F2A315269747100021F902 /* Resources */,
				F08899E12698591400058D37 /* Embed Frameworks */,
			);
			buildRules = (
			);
			dependencies = (
			);
			name = CommonTypes_Example;
			productName = CommonTypes.Example;
			productReference = F0F2A317269747100021F902 /* CommonTypes_Example.app */;
			productType = "com.apple.product-type.application";
		};
/* End PBXNativeTarget section */

/* Begin PBXProject section */
		F0F2A30F269747100021F902 /* Project object */ = {
			isa = PBXProject;
			attributes = {
				LastSwiftUpdateCheck = 1330;
				LastUpgradeCheck = 1250;
				TargetAttributes = {
					179B9FF628A504A9000066FE = {
						CreatedOnToolsVersion = 13.3.1;
						TestTargetID = F0F2A316269747100021F902;
					};
					F0F2A316269747100021F902 = {
						CreatedOnToolsVersion = 12.5;
					};
				};
			};
			buildConfigurationList = F0F2A312269747100021F902 /* Build configuration list for PBXProject "CommonTypes_Example" */;
			compatibilityVersion = "Xcode 9.3";
			developmentRegion = en;
			hasScannedForEncodings = 0;
			knownRegions = (
				en,
				Base,
			);
			mainGroup = F0F2A30E269747100021F902;
			productRefGroup = F0F2A318269747100021F902 /* Products */;
			projectDirPath = "";
			projectRoot = "";
			targets = (
				F0F2A316269747100021F902 /* CommonTypes_Example */,
				179B9FF628A504A9000066FE /* CommonTypesTests */,
			);
		};
/* End PBXProject section */

/* Begin PBXResourcesBuildPhase section */
		179B9FF528A504A9000066FE /* Resources */ = {
			isa = PBXResourcesBuildPhase;
			buildActionMask = 2147483647;
			files = (
			);
			runOnlyForDeploymentPostprocessing = 0;
		};
		F0F2A315269747100021F902 /* Resources */ = {
			isa = PBXResourcesBuildPhase;
			buildActionMask = 2147483647;
			files = (
				F08899DA2698575800058D37 /* Main.storyboard in Resources */,
				F08899D82698575800058D37 /* Assets.xcassets in Resources */,
				F08899D92698575800058D37 /* LaunchScreen.storyboard in Resources */,
			);
			runOnlyForDeploymentPostprocessing = 0;
		};
/* End PBXResourcesBuildPhase section */

/* Begin PBXShellScriptBuildPhase section */
		441653C36EF261136FCA8B89 /* [CP] Check Pods Manifest.lock */ = {
			isa = PBXShellScriptBuildPhase;
			buildActionMask = 2147483647;
			files = (
			);
			inputFileListPaths = (
			);
			inputPaths = (
				"${PODS_PODFILE_DIR_PATH}/Podfile.lock",
				"${PODS_ROOT}/Manifest.lock",
			);
			name = "[CP] Check Pods Manifest.lock";
			outputFileListPaths = (
			);
			outputPaths = (
				"$(DERIVED_FILE_DIR)/Pods-CommonTypes_Example-checkManifestLockResult.txt",
			);
			runOnlyForDeploymentPostprocessing = 0;
			shellPath = /bin/sh;
			shellScript = "diff \"${PODS_PODFILE_DIR_PATH}/Podfile.lock\" \"${PODS_ROOT}/Manifest.lock\" > /dev/null\nif [ $? != 0 ] ; then\n    # print error to STDERR\n    echo \"error: The sandbox is not in sync with the Podfile.lock. Run 'pod install' or update your CocoaPods installation.\" >&2\n    exit 1\nfi\n# This output is used by Xcode 'outputs' to avoid re-running this script phase.\necho \"SUCCESS\" > \"${SCRIPT_OUTPUT_FILE_0}\"\n";
			showEnvVarsInLog = 0;
		};
		F0DDB7C12698680000AAD959 /* Swiftlint script */ = {
			isa = PBXShellScriptBuildPhase;
			buildActionMask = 2147483647;
			files = (
			);
			inputFileListPaths = (
			);
			inputPaths = (
			);
			name = "Swiftlint script";
			outputFileListPaths = (
			);
			outputPaths = (
			);
			runOnlyForDeploymentPostprocessing = 0;
			shellPath = /bin/sh;
			shellScript = "#debug log\nset -x\n\n${PODS_ROOT}/SwiftLint/swiftlint\n";
		};
/* End PBXShellScriptBuildPhase section */

/* Begin PBXSourcesBuildPhase section */
		179B9FF328A504A9000066FE /* Sources */ = {
			isa = PBXSourcesBuildPhase;
			buildActionMask = 2147483647;
			files = (
				179BA00128A504BB000066FE /* EMailValidatorTests.swift in Sources */,
			);
			runOnlyForDeploymentPostprocessing = 0;
		};
		F0F2A313269747100021F902 /* Sources */ = {
			isa = PBXSourcesBuildPhase;
			buildActionMask = 2147483647;
			files = (
				F08899DC2698575800058D37 /* ViewController.swift in Sources */,
				F08899D72698575800058D37 /* AppDelegate.swift in Sources */,
			);
			runOnlyForDeploymentPostprocessing = 0;
		};
/* End PBXSourcesBuildPhase section */

/* Begin PBXTargetDependency section */
		179B9FFC28A504A9000066FE /* PBXTargetDependency */ = {
			isa = PBXTargetDependency;
			target = F0F2A316269747100021F902 /* CommonTypes_Example */;
			targetProxy = 179B9FFB28A504A9000066FE /* PBXContainerItemProxy */;
		};
/* End PBXTargetDependency section */

/* Begin PBXVariantGroup section */
		F08899D12698575800058D37 /* LaunchScreen.storyboard */ = {
			isa = PBXVariantGroup;
			children = (
				F08899D22698575800058D37 /* Base */,
			);
			name = LaunchScreen.storyboard;
			sourceTree = "<group>";
		};
		F08899D32698575800058D37 /* Main.storyboard */ = {
			isa = PBXVariantGroup;
			children = (
				F08899D42698575800058D37 /* Base */,
			);
			name = Main.storyboard;
			sourceTree = "<group>";
		};
/* End PBXVariantGroup section */

/* Begin XCBuildConfiguration section */
		179B9FFE28A504A9000066FE /* Debug */ = {
			isa = XCBuildConfiguration;
			buildSettings = {
				BUNDLE_LOADER = "$(TEST_HOST)";
				CLANG_CXX_LANGUAGE_STANDARD = "gnu++17";
				CODE_SIGN_STYLE = Automatic;
				CURRENT_PROJECT_VERSION = 1;
				DEVELOPMENT_TEAM = MW2UF479VW;
				GENERATE_INFOPLIST_FILE = YES;
				IPHONEOS_DEPLOYMENT_TARGET = 12.0;
				MARKETING_VERSION = 1.0;
				PRODUCT_BUNDLE_IDENTIFIER = com.shakuro.CommonTypesTests;
				PRODUCT_NAME = "$(TARGET_NAME)";
				SWIFT_EMIT_LOC_STRINGS = NO;
				SWIFT_VERSION = 5.0;
				TARGETED_DEVICE_FAMILY = "1,2";
				TEST_HOST = "$(BUILT_PRODUCTS_DIR)/CommonTypes_Example.app/CommonTypes_Example";
			};
			name = Debug;
		};
		179B9FFF28A504A9000066FE /* Release */ = {
			isa = XCBuildConfiguration;
			buildSettings = {
				BUNDLE_LOADER = "$(TEST_HOST)";
				CLANG_CXX_LANGUAGE_STANDARD = "gnu++17";
				CODE_SIGN_STYLE = Automatic;
				CURRENT_PROJECT_VERSION = 1;
				DEVELOPMENT_TEAM = MW2UF479VW;
				GENERATE_INFOPLIST_FILE = YES;
				IPHONEOS_DEPLOYMENT_TARGET = 12.0;
				MARKETING_VERSION = 1.0;
				PRODUCT_BUNDLE_IDENTIFIER = com.shakuro.CommonTypesTests;
				PRODUCT_NAME = "$(TARGET_NAME)";
				SWIFT_EMIT_LOC_STRINGS = NO;
				SWIFT_VERSION = 5.0;
				TARGETED_DEVICE_FAMILY = "1,2";
				TEST_HOST = "$(BUILT_PRODUCTS_DIR)/CommonTypes_Example.app/CommonTypes_Example";
			};
			name = Release;
		};
		F0F2A329269747120021F902 /* Debug */ = {
			isa = XCBuildConfiguration;
			buildSettings = {
				ALWAYS_SEARCH_USER_PATHS = NO;
				CLANG_ANALYZER_NONNULL = YES;
				CLANG_ANALYZER_NUMBER_OBJECT_CONVERSION = YES_AGGRESSIVE;
				CLANG_CXX_LANGUAGE_STANDARD = "gnu++14";
				CLANG_CXX_LIBRARY = "libc++";
				CLANG_ENABLE_MODULES = YES;
				CLANG_ENABLE_OBJC_ARC = YES;
				CLANG_ENABLE_OBJC_WEAK = YES;
				CLANG_WARN_BLOCK_CAPTURE_AUTORELEASING = YES;
				CLANG_WARN_BOOL_CONVERSION = YES;
				CLANG_WARN_COMMA = YES;
				CLANG_WARN_CONSTANT_CONVERSION = YES;
				CLANG_WARN_DEPRECATED_OBJC_IMPLEMENTATIONS = YES;
				CLANG_WARN_DIRECT_OBJC_ISA_USAGE = YES_ERROR;
				CLANG_WARN_DOCUMENTATION_COMMENTS = YES;
				CLANG_WARN_EMPTY_BODY = YES;
				CLANG_WARN_ENUM_CONVERSION = YES;
				CLANG_WARN_INFINITE_RECURSION = YES;
				CLANG_WARN_INT_CONVERSION = YES;
				CLANG_WARN_NON_LITERAL_NULL_CONVERSION = YES;
				CLANG_WARN_OBJC_IMPLICIT_RETAIN_SELF = YES;
				CLANG_WARN_OBJC_LITERAL_CONVERSION = YES;
				CLANG_WARN_OBJC_ROOT_CLASS = YES_ERROR;
				CLANG_WARN_QUOTED_INCLUDE_IN_FRAMEWORK_HEADER = YES;
				CLANG_WARN_RANGE_LOOP_ANALYSIS = YES;
				CLANG_WARN_STRICT_PROTOTYPES = YES;
				CLANG_WARN_SUSPICIOUS_MOVE = YES;
				CLANG_WARN_UNGUARDED_AVAILABILITY = YES_AGGRESSIVE;
				CLANG_WARN_UNREACHABLE_CODE = YES;
				CLANG_WARN__DUPLICATE_METHOD_MATCH = YES;
				COPY_PHASE_STRIP = NO;
				DEBUG_INFORMATION_FORMAT = dwarf;
				ENABLE_STRICT_OBJC_MSGSEND = YES;
				ENABLE_TESTABILITY = YES;
				GCC_C_LANGUAGE_STANDARD = gnu11;
				GCC_DYNAMIC_NO_PIC = NO;
				GCC_NO_COMMON_BLOCKS = YES;
				GCC_OPTIMIZATION_LEVEL = 0;
				GCC_PREPROCESSOR_DEFINITIONS = (
					"DEBUG=1",
					"$(inherited)",
				);
				GCC_WARN_64_TO_32_BIT_CONVERSION = YES;
				GCC_WARN_ABOUT_RETURN_TYPE = YES_ERROR;
				GCC_WARN_UNDECLARED_SELECTOR = YES;
				GCC_WARN_UNINITIALIZED_AUTOS = YES_AGGRESSIVE;
				GCC_WARN_UNUSED_FUNCTION = YES;
				GCC_WARN_UNUSED_VARIABLE = YES;
				IPHONEOS_DEPLOYMENT_TARGET = 12.0;
				MTL_ENABLE_DEBUG_INFO = INCLUDE_SOURCE;
				MTL_FAST_MATH = YES;
				ONLY_ACTIVE_ARCH = YES;
				SDKROOT = iphoneos;
				SWIFT_ACTIVE_COMPILATION_CONDITIONS = DEBUG;
				SWIFT_OPTIMIZATION_LEVEL = "-Onone";
			};
			name = Debug;
		};
		F0F2A32A269747120021F902 /* Release */ = {
			isa = XCBuildConfiguration;
			buildSettings = {
				ALWAYS_SEARCH_USER_PATHS = NO;
				CLANG_ANALYZER_NONNULL = YES;
				CLANG_ANALYZER_NUMBER_OBJECT_CONVERSION = YES_AGGRESSIVE;
				CLANG_CXX_LANGUAGE_STANDARD = "gnu++14";
				CLANG_CXX_LIBRARY = "libc++";
				CLANG_ENABLE_MODULES = YES;
				CLANG_ENABLE_OBJC_ARC = YES;
				CLANG_ENABLE_OBJC_WEAK = YES;
				CLANG_WARN_BLOCK_CAPTURE_AUTORELEASING = YES;
				CLANG_WARN_BOOL_CONVERSION = YES;
				CLANG_WARN_COMMA = YES;
				CLANG_WARN_CONSTANT_CONVERSION = YES;
				CLANG_WARN_DEPRECATED_OBJC_IMPLEMENTATIONS = YES;
				CLANG_WARN_DIRECT_OBJC_ISA_USAGE = YES_ERROR;
				CLANG_WARN_DOCUMENTATION_COMMENTS = YES;
				CLANG_WARN_EMPTY_BODY = YES;
				CLANG_WARN_ENUM_CONVERSION = YES;
				CLANG_WARN_INFINITE_RECURSION = YES;
				CLANG_WARN_INT_CONVERSION = YES;
				CLANG_WARN_NON_LITERAL_NULL_CONVERSION = YES;
				CLANG_WARN_OBJC_IMPLICIT_RETAIN_SELF = YES;
				CLANG_WARN_OBJC_LITERAL_CONVERSION = YES;
				CLANG_WARN_OBJC_ROOT_CLASS = YES_ERROR;
				CLANG_WARN_QUOTED_INCLUDE_IN_FRAMEWORK_HEADER = YES;
				CLANG_WARN_RANGE_LOOP_ANALYSIS = YES;
				CLANG_WARN_STRICT_PROTOTYPES = YES;
				CLANG_WARN_SUSPICIOUS_MOVE = YES;
				CLANG_WARN_UNGUARDED_AVAILABILITY = YES_AGGRESSIVE;
				CLANG_WARN_UNREACHABLE_CODE = YES;
				CLANG_WARN__DUPLICATE_METHOD_MATCH = YES;
				COPY_PHASE_STRIP = NO;
				DEBUG_INFORMATION_FORMAT = "dwarf-with-dsym";
				ENABLE_NS_ASSERTIONS = NO;
				ENABLE_STRICT_OBJC_MSGSEND = YES;
				GCC_C_LANGUAGE_STANDARD = gnu11;
				GCC_NO_COMMON_BLOCKS = YES;
				GCC_WARN_64_TO_32_BIT_CONVERSION = YES;
				GCC_WARN_ABOUT_RETURN_TYPE = YES_ERROR;
				GCC_WARN_UNDECLARED_SELECTOR = YES;
				GCC_WARN_UNINITIALIZED_AUTOS = YES_AGGRESSIVE;
				GCC_WARN_UNUSED_FUNCTION = YES;
				GCC_WARN_UNUSED_VARIABLE = YES;
				IPHONEOS_DEPLOYMENT_TARGET = 12.0;
				MTL_ENABLE_DEBUG_INFO = NO;
				MTL_FAST_MATH = YES;
				SDKROOT = iphoneos;
				SWIFT_COMPILATION_MODE = wholemodule;
				SWIFT_OPTIMIZATION_LEVEL = "-O";
				VALIDATE_PRODUCT = YES;
			};
			name = Release;
		};
		F0F2A32C269747120021F902 /* Debug */ = {
			isa = XCBuildConfiguration;
			baseConfigurationReference = 7778EBA712DC8E6B3D02CAB7 /* Pods-CommonTypes_Example.debug.xcconfig */;
			buildSettings = {
				ASSETCATALOG_COMPILER_APPICON_NAME = AppIcon;
				ASSETCATALOG_COMPILER_GLOBAL_ACCENT_COLOR_NAME = AccentColor;
				CODE_SIGN_STYLE = Automatic;
				DEVELOPMENT_TEAM = MW2UF479VW;
				INFOPLIST_FILE = "$(SRCROOT)/CommonTypes_Example/Info.plist";
				LD_RUNPATH_SEARCH_PATHS = (
					"$(inherited)",
					"@executable_path/Frameworks",
				);
				PRODUCT_BUNDLE_IDENTIFIER = "com.shakuro.CommonTypes-Example";
				PRODUCT_NAME = "$(TARGET_NAME)";
				SWIFT_VERSION = 5.0;
				TARGETED_DEVICE_FAMILY = "1,2";
			};
			name = Debug;
		};
		F0F2A32D269747120021F902 /* Release */ = {
			isa = XCBuildConfiguration;
			baseConfigurationReference = B464FCD35029D14F39A2D6B0 /* Pods-CommonTypes_Example.release.xcconfig */;
			buildSettings = {
				ASSETCATALOG_COMPILER_APPICON_NAME = AppIcon;
				ASSETCATALOG_COMPILER_GLOBAL_ACCENT_COLOR_NAME = AccentColor;
				CODE_SIGN_STYLE = Automatic;
				DEVELOPMENT_TEAM = MW2UF479VW;
				INFOPLIST_FILE = "$(SRCROOT)/CommonTypes_Example/Info.plist";
				LD_RUNPATH_SEARCH_PATHS = (
					"$(inherited)",
					"@executable_path/Frameworks",
				);
				PRODUCT_BUNDLE_IDENTIFIER = "com.shakuro.CommonTypes-Example";
				PRODUCT_NAME = "$(TARGET_NAME)";
				SWIFT_VERSION = 5.0;
				TARGETED_DEVICE_FAMILY = "1,2";
			};
			name = Release;
		};
/* End XCBuildConfiguration section */

/* Begin XCConfigurationList section */
		179B9FFD28A504A9000066FE /* Build configuration list for PBXNativeTarget "CommonTypesTests" */ = {
			isa = XCConfigurationList;
			buildConfigurations = (
				179B9FFE28A504A9000066FE /* Debug */,
				179B9FFF28A504A9000066FE /* Release */,
			);
			defaultConfigurationIsVisible = 0;
			defaultConfigurationName = Release;
		};
		F0F2A312269747100021F902 /* Build configuration list for PBXProject "CommonTypes_Example" */ = {
			isa = XCConfigurationList;
			buildConfigurations = (
				F0F2A329269747120021F902 /* Debug */,
				F0F2A32A269747120021F902 /* Release */,
			);
			defaultConfigurationIsVisible = 0;
			defaultConfigurationName = Release;
		};
		F0F2A32B269747120021F902 /* Build configuration list for PBXNativeTarget "CommonTypes_Example" */ = {
			isa = XCConfigurationList;
			buildConfigurations = (
				F0F2A32C269747120021F902 /* Debug */,
				F0F2A32D269747120021F902 /* Release */,
			);
			defaultConfigurationIsVisible = 0;
			defaultConfigurationName = Release;
		};
/* End XCConfigurationList section */
	};
	rootObject = F0F2A30F269747100021F902 /* Project object */;
}
